
Microsoft Visual Studio Solution File, Format Version 12.00
# Visual Studio Version 17
VisualStudioVersion = 17.5.33627.172
MinimumVisualStudioVersion = 10.0.40219.1
Project("{FAE04EC0-301F-11D3-BF4B-00C04F79EFBC}") = "Qr_Code_TLD_1213T10", "Qr_Code_TLD_1213T10\Qr_Code_TLD_1213T10.csproj", "{95D55EB5-2FD1-4ED7-97D5-97C52D0B0AFC}"
EndProject
Global
	GlobalSection(SolutionConfigurationPlatforms) = preSolution
		Debug|Any CPU = Debug|Any CPU
		Release|Any CPU = Release|Any CPU
	EndGlobalSection
	GlobalSection(ProjectConfigurationPlatforms) = postSolution
		{95D55EB5-2FD1-4ED7-97D5-97C52D0B0AFC}.Debug|Any CPU.ActiveCfg = Debug|Any CPU
		{95D55EB5-2FD1-4ED7-97D5-97C52D0B0AFC}.Debug|Any CPU.Build.0 = Debug|Any CPU
		{95D55EB5-2FD1-4ED7-97D5-97C52D0B0AFC}.Release|Any CPU.ActiveCfg = Release|Any CPU
		{95D55EB5-2FD1-4ED7-97D5-97C52D0B0AFC}.Release|Any CPU.Build.0 = Release|Any CPU
	EndGlobalSection
	GlobalSection(SolutionProperties) = preSolution
		HideSolutionNode = FALSE
	EndGlobalSection
	GlobalSection(ExtensibilityGlobals) = postSolution
		SolutionGuid = {D75342CC-6A77-492C-96D0-E5CF4B361490}
	EndGlobalSection
EndGlobal
